# This file is automatically @generated by Cargo.
# It is not intended for manual editing.
[[package]]
name = "atomic_refcell_try"
version = "0.2.0"
source = "registry+https://github.com/rust-lang/crates.io-index"
checksum = "73efe5a2564d573135ad302ec999f6fd4bef7b2b31fec71e6bf7e12f62accf64"

[[package]]
name = "bitset-core"
version = "0.1.1"
source = "registry+https://github.com/rust-lang/crates.io-index"
checksum = "f421f1bcb30aa9d851a03c2920ab5d96ca920d5786645a597b5fc37922f8b89e"

[[package]]
name = "downcast-rs"
version = "1.2.0"
source = "registry+https://github.com/rust-lang/crates.io-index"
checksum = "9ea835d29036a4087793836fa931b08837ad5e957da9e23886b29586fb9b6650"

[[package]]
name = "either"
version = "1.6.1"
source = "registry+https://github.com/rust-lang/crates.io-index"
checksum = "e78d4f1cc4ae33bbfc157ed5d5a5ef3bc29227303d595861deb238fcec4e9457"

[[package]]
name = "entity_component"
version = "1.1.2"
source = "registry+https://github.com/rust-lang/crates.io-index"
checksum = "8606b99700fb3aafbd079a65198a45ac1c7ab604d90007df4a15e27618e9d744"
dependencies = [
 "atomic_refcell_try",
 "bitset-core",
 "itertools",
 "lazy_static",
]

[[package]]
name = "itertools"
version = "0.9.0"
source = "registry+https://github.com/rust-lang/crates.io-index"
checksum = "284f18f85651fe11e8a991b2adb42cb078325c996ed026d994719efcfca1d54b"
dependencies = [
 "either",
]

[[package]]
name = "lazy_static"
version = "1.4.0"
source = "registry+https://github.com/rust-lang/crates.io-index"
checksum = "e2abad23fbc42b3700f2f279844dc832adb2b2eb069b2df918f455c4e18cc646"

[[package]]
name = "planck_ecs"
version = "1.2.0"
source = "registry+https://github.com/rust-lang/crates.io-index"
checksum = "c41235221b3cfb0369edbfee18192503b889e4567175b8a3d3f32f8fa062a7a4"
dependencies = [
 "atomic_refcell_try",
 "entity_component",
 "world_dispatcher",
]

[[package]]
name = "rust2c-llvm-cbe"
version = "0.1.0"
dependencies = [
 "planck_ecs",
]

[[package]]
name = "world_dispatcher"
version = "1.2.0"
source = "registry+https://github.com/rust-lang/crates.io-index"
checksum = "e85084d923923fbe2b15d4c1f75785a4dea78ab120e212e888a949775c56f874"
dependencies = [
 "atomic_refcell_try",
 "downcast-rs",
]
